
Microsoft Visual Studio Solution File, Format Version 12.00
# Visual Studio Version 16
VisualStudioVersion = 16.0.29409.12
MinimumVisualStudioVersion = 10.0.40219.1
Project("{9A19103F-16F7-4668-BE54-9A1E7A4F7556}") = "HepsiBuradaExample.Data", "HepsiBuradaExample.Data\HepsiBuradaExample.Data.csproj", "{5A0C1865-6D60-4348-A7FA-8F5063129207}"
EndProject
Project("{9A19103F-16F7-4668-BE54-9A1E7A4F7556}") = "HepsiBuradaExample.Services", "HepsiBuradaExample.Business\HepsiBuradaExample.Services.csproj", "{9E2AFD9A-B514-4A32-9E76-40F075010D50}"
EndProject
Project("{9A19103F-16F7-4668-BE54-9A1E7A4F7556}") = "HepsiBuradaExample.UI", "HepsiBuradaExample.UI\HepsiBuradaExample.UI.csproj", "{7C66122B-341A-4C72-9EC8-015460FE23ED}"
EndProject
Global
	GlobalSection(SolutionConfigurationPlatforms) = preSolution
		Debug|Any CPU = Debug|Any CPU
		Release|Any CPU = Release|Any CPU
	EndGlobalSection
	GlobalSection(ProjectConfigurationPlatforms) = postSolution
		{5A0C1865-6D60-4348-A7FA-8F5063129207}.Debug|Any CPU.ActiveCfg = Debug|Any CPU
		{5A0C1865-6D60-4348-A7FA-8F5063129207}.Debug|Any CPU.Build.0 = Debug|Any CPU
		{5A0C1865-6D60-4348-A7FA-8F5063129207}.Release|Any CPU.ActiveCfg = Release|Any CPU
		{5A0C1865-6D60-4348-A7FA-8F5063129207}.Release|Any CPU.Build.0 = Release|Any CPU
		{9E2AFD9A-B514-4A32-9E76-40F075010D50}.Debug|Any CPU.ActiveCfg = Debug|Any CPU
		{9E2AFD9A-B514-4A32-9E76-40F075010D50}.Debug|Any CPU.Build.0 = Debug|Any CPU
		{9E2AFD9A-B514-4A32-9E76-40F075010D50}.Release|Any CPU.ActiveCfg = Release|Any CPU
		{9E2AFD9A-B514-4A32-9E76-40F075010D50}.Release|Any CPU.Build.0 = Release|Any CPU
		{7C66122B-341A-4C72-9EC8-015460FE23ED}.Debug|Any CPU.ActiveCfg = Debug|Any CPU
		{7C66122B-341A-4C72-9EC8-015460FE23ED}.Debug|Any CPU.Build.0 = Debug|Any CPU
		{7C66122B-341A-4C72-9EC8-015460FE23ED}.Release|Any CPU.ActiveCfg = Release|Any CPU
		{7C66122B-341A-4C72-9EC8-015460FE23ED}.Release|Any CPU.Build.0 = Release|Any CPU
	EndGlobalSection
	GlobalSection(SolutionProperties) = preSolution
		HideSolutionNode = FALSE
	EndGlobalSection
	GlobalSection(ExtensibilityGlobals) = postSolution
		SolutionGuid = {3EA5C8D5-D187-4DDE-8F8F-07F0A4B5DFB2}
	EndGlobalSection
EndGlobal
